
Microsoft Visual Studio Solution File, Format Version 12.00
# Visual Studio 14
VisualStudioVersion = 14.0.25123.0
MinimumVisualStudioVersion = 10.0.40219.1
Project("{FAE04EC0-301F-11D3-BF4B-00C04F79EFBC}") = "Miracle", "Miracle\Miracle.csproj", "{87A32A9A-58D1-458E-A942-BD51AB6320EA}"
	ProjectSection(ProjectDependencies) = postProject
		{1CD0B721-6340-4F51-9831-72F9C931360F} = {1CD0B721-6340-4F51-9831-72F9C931360F}
	EndProjectSection
EndProject
Project("{FAE04EC0-301F-11D3-BF4B-00C04F79EFBC}") = "HamburgerMenu", "..\..\..\Desktop\HamburgerMenu-master\HamburgerMenu\HamburgerMenu.csproj", "{CF1B7D25-4744-4B04-B725-7F2D8223806B}"
EndProject
Project("{FAE04EC0-301F-11D3-BF4B-00C04F79EFBC}") = "Miracle.Models", "Miracle.Models\Miracle.Models.csproj", "{5933DB58-0982-42BF-8779-13F049C79CF6}"
EndProject
Project("{FAE04EC0-301F-11D3-BF4B-00C04F79EFBC}") = "Miracle.Service", "Miracle.Service\Miracle.Service.csproj", "{1CD0B721-6340-4F51-9831-72F9C931360F}"
EndProject
Global
	GlobalSection(SolutionConfigurationPlatforms) = preSolution
		Debug|Any CPU = Debug|Any CPU
		Release|Any CPU = Release|Any CPU
	EndGlobalSection
	GlobalSection(ProjectConfigurationPlatforms) = postSolution
		{87A32A9A-58D1-458E-A942-BD51AB6320EA}.Debug|Any CPU.ActiveCfg = Debug|Any CPU
		{87A32A9A-58D1-458E-A942-BD51AB6320EA}.Debug|Any CPU.Build.0 = Debug|Any CPU
		{87A32A9A-58D1-458E-A942-BD51AB6320EA}.Release|Any CPU.ActiveCfg = Release|Any CPU
		{87A32A9A-58D1-458E-A942-BD51AB6320EA}.Release|Any CPU.Build.0 = Release|Any CPU
		{CF1B7D25-4744-4B04-B725-7F2D8223806B}.Debug|Any CPU.ActiveCfg = Debug|Any CPU
		{CF1B7D25-4744-4B04-B725-7F2D8223806B}.Debug|Any CPU.Build.0 = Debug|Any CPU
		{CF1B7D25-4744-4B04-B725-7F2D8223806B}.Release|Any CPU.ActiveCfg = Release|Any CPU
		{CF1B7D25-4744-4B04-B725-7F2D8223806B}.Release|Any CPU.Build.0 = Release|Any CPU
		{5933DB58-0982-42BF-8779-13F049C79CF6}.Debug|Any CPU.ActiveCfg = Debug|Any CPU
		{5933DB58-0982-42BF-8779-13F049C79CF6}.Debug|Any CPU.Build.0 = Debug|Any CPU
		{5933DB58-0982-42BF-8779-13F049C79CF6}.Release|Any CPU.ActiveCfg = Release|Any CPU
		{5933DB58-0982-42BF-8779-13F049C79CF6}.Release|Any CPU.Build.0 = Release|Any CPU
		{1CD0B721-6340-4F51-9831-72F9C931360F}.Debug|Any CPU.ActiveCfg = Debug|Any CPU
		{1CD0B721-6340-4F51-9831-72F9C931360F}.Debug|Any CPU.Build.0 = Debug|Any CPU
		{1CD0B721-6340-4F51-9831-72F9C931360F}.Release|Any CPU.ActiveCfg = Release|Any CPU
		{1CD0B721-6340-4F51-9831-72F9C931360F}.Release|Any CPU.Build.0 = Release|Any CPU
	EndGlobalSection
	GlobalSection(SolutionProperties) = preSolution
		HideSolutionNode = FALSE
	EndGlobalSection
EndGlobal
